
Microsoft Visual Studio Solution File, Format Version 12.00
# Visual Studio Version 17
VisualStudioVersion = 17.3.32929.385
MinimumVisualStudioVersion = 10.0.40219.1
Project("{FAE04EC0-301F-11D3-BF4B-00C04F79EFBC}") = "AssigmentCodac", "AssigmentCodac\AssigmentCodac.csproj", "{7272253E-6C78-4D17-ABF5-E590FD36CA40}"
EndProject
Project("{FAE04EC0-301F-11D3-BF4B-00C04F79EFBC}") = "TestProject1", "TestProject1\TestProject1.csproj", "{9F127C80-4551-4EA0-AF84-B9B70D43E976}"
EndProject
Global
	GlobalSection(SolutionConfigurationPlatforms) = preSolution
		Debug|Any CPU = Debug|Any CPU
		Release|Any CPU = Release|Any CPU
	EndGlobalSection
	GlobalSection(ProjectConfigurationPlatforms) = postSolution
		{7272253E-6C78-4D17-ABF5-E590FD36CA40}.Debug|Any CPU.ActiveCfg = Debug|Any CPU
		{7272253E-6C78-4D17-ABF5-E590FD36CA40}.Debug|Any CPU.Build.0 = Debug|Any CPU
		{7272253E-6C78-4D17-ABF5-E590FD36CA40}.Release|Any CPU.ActiveCfg = Release|Any CPU
		{7272253E-6C78-4D17-ABF5-E590FD36CA40}.Release|Any CPU.Build.0 = Release|Any CPU
		{9F127C80-4551-4EA0-AF84-B9B70D43E976}.Debug|Any CPU.ActiveCfg = Debug|Any CPU
		{9F127C80-4551-4EA0-AF84-B9B70D43E976}.Debug|Any CPU.Build.0 = Debug|Any CPU
		{9F127C80-4551-4EA0-AF84-B9B70D43E976}.Release|Any CPU.ActiveCfg = Release|Any CPU
		{9F127C80-4551-4EA0-AF84-B9B70D43E976}.Release|Any CPU.Build.0 = Release|Any CPU
	EndGlobalSection
	GlobalSection(SolutionProperties) = preSolution
		HideSolutionNode = FALSE
	EndGlobalSection
	GlobalSection(ExtensibilityGlobals) = postSolution
		SolutionGuid = {042D8401-631E-4F68-9814-B32B42A7BB2C}
	EndGlobalSection
EndGlobal
